<?xml version="1.0" encoding="utf-8"?>
<Project ToolsVersion="4.0" xmlns="http://schemas.microsoft.com/developer/msbuild/2003">
  <ItemGroup>
    <Filter Include="CustomLibrary">
      <UniqueIdentifier>{edba3bbf-8764-4721-8da7-dfdc654d84ba}</UniqueIdentifier>
    </Filter>
    <Filter Include="CustomLibrary\Source">
      <UniqueIdentifier>{34e9eea0-cc3f-47e8-b1ba-8fbc244cbfb4}</UniqueIdentifier>
    </Filter>
    <Filter Include="CustomLibrary\Include">
      <UniqueIdentifier>{3b35daea-722d-4969-86f6-fb1490fdf9a4}</UniqueIdentifier>
    </Filter>
    <Filter Include="CustomLibrary\Source\SDL">
      <UniqueIdentifier>{a79f0ebf-ab10-474a-8f8a-291d5d94605e}</UniqueIdentifier>
    </Filter>
    <Filter Include="CustomLibrary\Include\SDL">
      <UniqueIdentifier>{0d0518c7-e308-46ce-b577-ef33baa9e147}</UniqueIdentifier>
    </Filter>
    <Filter Include="CustomLibrary\Include\Default">
      <UniqueIdentifier>{5f02ca78-a201-4ba7-b699-82cea4c9a790}</UniqueIdentifier>
    </Filter>
    <Filter Include="CustomLibrary\Include\SDL\Extensions">
      <UniqueIdentifier>{7f2188cd-6e89-4f50-9114-4bf11e68294b}</UniqueIdentifier>
    </Filter>
  </ItemGroup>
  <ItemGroup>
    <ClInclude Include="$(MSBuildThisFileDirectory)CustomLibrary\SDL\Collider.h">
      <Filter>CustomLibrary\Include\SDL</Filter>
    </ClInclude>
    <ClInclude Include="$(MSBuildThisFileDirectory)CustomLibrary\SDL\Engine.h">
      <Filter>CustomLibrary\Include\SDL</Filter>
    </ClInclude>
    <ClInclude Include="$(MSBuildThisFileDirectory)CustomLibrary\SDL\Geometry.h">
      <Filter>CustomLibrary\Include\SDL</Filter>
    </ClInclude>
    <ClInclude Include="$(MSBuildThisFileDirectory)CustomLibrary\SDL\ResourceManager.h">
      <Filter>CustomLibrary\Include\SDL</Filter>
    </ClInclude>
    <ClInclude Include="$(MSBuildThisFileDirectory)CustomLibrary\SDL\SDLWindow.h">
      <Filter>CustomLibrary\Include\SDL</Filter>
    </ClInclude>
    <ClInclude Include="$(MSBuildThisFileDirectory)CustomLibrary\SDL\State.h">
      <Filter>CustomLibrary\Include\SDL</Filter>
    </ClInclude>
    <ClInclude Include="$(MSBuildThisFileDirectory)CustomLibrary\SDL\Text.h">
      <Filter>CustomLibrary\Include\SDL</Filter>
    </ClInclude>
    <ClInclude Include="$(MSBuildThisFileDirectory)CustomLibrary\SDL\Texture.h">
      <Filter>CustomLibrary\Include\SDL</Filter>
    </ClInclude>
    <ClInclude Include="$(MSBuildThisFileDirectory)CustomLibrary\SDL\Window.h">
      <Filter>CustomLibrary\Include\SDL</Filter>
    </ClInclude>
    <ClInclude Include="$(MSBuildThisFileDirectory)CustomLibrary\SDL\Event.h">
      <Filter>CustomLibrary\Include\SDL</Filter>
    </ClInclude>
    <ClInclude Include="$(MSBuildThisFileDirectory)CustomLibrary\SDL\Camera2D.h">
      <Filter>CustomLibrary\Include\SDL</Filter>
    </ClInclude>
    <ClInclude Include="$(MSBuildThisFileDirectory)CustomLibrary\SDL\EventWatch.h">
      <Filter>CustomLibrary\Include\SDL</Filter>
    </ClInclude>
    <ClInclude Include="$(MSBuildThisFileDirectory)CustomLibrary\AutoPointer.h">
      <Filter>CustomLibrary\Include\Default</Filter>
    </ClInclude>
    <ClInclude Include="$(MSBuildThisFileDirectory)CustomLibrary\Client.h">
      <Filter>CustomLibrary\Include\Default</Filter>
    </ClInclude>
    <ClInclude Include="$(MSBuildThisFileDirectory)CustomLibrary\Coder.h">
      <Filter>CustomLibrary\Include\Default</Filter>
    </ClInclude>
    <ClInclude Include="$(MSBuildThisFileDirectory)CustomLibrary\ConsoleDisplay.h">
      <Filter>CustomLibrary\Include\Default</Filter>
    </ClInclude>
    <ClInclude Include="$(MSBuildThisFileDirectory)CustomLibrary\ConsoleUtility.h">
      <Filter>CustomLibrary\Include\Default</Filter>
    </ClInclude>
    <ClInclude Include="$(MSBuildThisFileDirectory)CustomLibrary\CString.h">
      <Filter>CustomLibrary\Include\Default</Filter>
    </ClInclude>
    <ClInclude Include="$(MSBuildThisFileDirectory)CustomLibrary\Equation2.0.h">
      <Filter>CustomLibrary\Include\Default</Filter>
    </ClInclude>
    <ClInclude Include="$(MSBuildThisFileDirectory)CustomLibrary\Error.h">
      <Filter>CustomLibrary\Include\Default</Filter>
    </ClInclude>
    <ClInclude Include="$(MSBuildThisFileDirectory)CustomLibrary\GeneticAlgorithm.h">
      <Filter>CustomLibrary\Include\Default</Filter>
    </ClInclude>
    <ClInclude Include="$(MSBuildThisFileDirectory)CustomLibrary\Graph.h">
      <Filter>CustomLibrary\Include\Default</Filter>
    </ClInclude>
    <ClInclude Include="$(MSBuildThisFileDirectory)CustomLibrary\Matrix.h">
      <Filter>CustomLibrary\Include\Default</Filter>
    </ClInclude>
    <ClInclude Include="$(MSBuildThisFileDirectory)CustomLibrary\NeuralNet.h">
      <Filter>CustomLibrary\Include\Default</Filter>
    </ClInclude>
    <ClInclude Include="$(MSBuildThisFileDirectory)CustomLibrary\Observer.h">
      <Filter>CustomLibrary\Include\Default</Filter>
    </ClInclude>
    <ClInclude Include="$(MSBuildThisFileDirectory)CustomLibrary\Parse.h">
      <Filter>CustomLibrary\Include\Default</Filter>
    </ClInclude>
    <ClInclude Include="$(MSBuildThisFileDirectory)CustomLibrary\RandomGenerator.h">
      <Filter>CustomLibrary\Include\Default</Filter>
    </ClInclude>
    <ClInclude Include="$(MSBuildThisFileDirectory)CustomLibrary\SSLClient.h">
      <Filter>CustomLibrary\Include\Default</Filter>
    </ClInclude>
    <ClInclude Include="$(MSBuildThisFileDirectory)CustomLibrary\Timer.h">
      <Filter>CustomLibrary\Include\Default</Filter>
    </ClInclude>
    <ClInclude Include="$(MSBuildThisFileDirectory)CustomLibrary\UnitConvertison.h">
      <Filter>CustomLibrary\Include\Default</Filter>
    </ClInclude>
    <ClInclude Include="$(MSBuildThisFileDirectory)CustomLibrary\utility.h">
      <Filter>CustomLibrary\Include\Default</Filter>
    </ClInclude>
    <ClInclude Include="$(MSBuildThisFileDirectory)CustomLibrary\Vector.h">
      <Filter>CustomLibrary\Include\Default</Filter>
    </ClInclude>
    <ClInclude Include="$(MSBuildThisFileDirectory)CustomLibrary\SDL\Surface.h">
      <Filter>CustomLibrary\Include\SDL</Filter>
    </ClInclude>
    <ClInclude Include="$(MSBuildThisFileDirectory)CustomLibrary\SDL\Renderer.h">
      <Filter>CustomLibrary\Include\SDL</Filter>
    </ClInclude>
    <ClInclude Include="$(MSBuildThisFileDirectory)CustomLibrary\ResourceManager.h">
      <Filter>CustomLibrary\Include\Default</Filter>
    </ClInclude>
    <ClInclude Include="$(MSBuildThisFileDirectory)CustomLibrary\Traits.h">
      <Filter>CustomLibrary\Include\Default</Filter>
    </ClInclude>
    <ClInclude Include="$(MSBuildThisFileDirectory)CustomLibrary\SDL\Animation.h">
      <Filter>CustomLibrary\Include\SDL\Extensions</Filter>
    </ClInclude>
    <ClInclude Include="$(MSBuildThisFileDirectory)CustomLibrary\SDL\Button.h">
      <Filter>CustomLibrary\Include\SDL\Extensions</Filter>
    </ClInclude>
    <ClInclude Include="$(MSBuildThisFileDirectory)CustomLibrary\BasicTypes.h">
      <Filter>CustomLibrary\Include\Default</Filter>
    </ClInclude>
    <ClInclude Include="$(MSBuildThisFileDirectory)CustomLibrary\Circle.h">
      <Filter>CustomLibrary\Include\Default</Filter>
    </ClInclude>
    <ClInclude Include="$(MSBuildThisFileDirectory)CustomLibrary\Dim.h">
      <Filter>CustomLibrary\Include\Default</Filter>
    </ClInclude>
    <ClInclude Include="$(MSBuildThisFileDirectory)CustomLibrary\Line.h">
      <Filter>CustomLibrary\Include\Default</Filter>
    </ClInclude>
    <ClInclude Include="$(MSBuildThisFileDirectory)CustomLibrary\Point.h">
      <Filter>CustomLibrary\Include\Default</Filter>
    </ClInclude>
    <ClInclude Include="$(MSBuildThisFileDirectory)CustomLibrary\Rect.h">
      <Filter>CustomLibrary\Include\Default</Filter>
    </ClInclude>
    <ClInclude Include="$(MSBuildThisFileDirectory)CustomLibrary\Tags.h">
      <Filter>CustomLibrary\Include\Default</Filter>
    </ClInclude>
  </ItemGroup>
  <ItemGroup>
    <ClCompile Include="$(MSBuildThisFileDirectory)CustomLibrary\SDL\ResourceManager.cpp">
      <Filter>CustomLibrary\Source\SDL</Filter>
    </ClCompile>
  </ItemGroup>
  <ItemGroup>
    <None Include="$(MSBuildThisFileDirectory)ClassDiagram.cd" />
    <None Include="$(MSBuildThisFileDirectory)ClassDiagram1.cd" />
  </ItemGroup>
</Project>